{
    
     "name": "tread-lite",
    
     "lockfileVersion": 2,
    
     "requires": true,
    
     "packages": {
    
         
     "": {
    
         
         
     "name": "tread-lite",
    
         
         
     "engines": {
    
         
         
         
     "node": "16.x"
    
         
         
     }
    
         
     }
    
     }
}
